// !$*UTF8*$!
{
	archiveVersion = 1;
	classes = {
	};
	objectVersion = 46;
	objects = {

/* Begin PBXBuildFile section */
		1E4E36941EA85386006B7A9A /* AppDelegate.swift in Sources */ = {isa = PBXBuildFile; fileRef = 1E4E36931EA85386006B7A9A /* AppDelegate.swift */; };
		1E4E36961EA85386006B7A9A /* ViewController.swift in Sources */ = {isa = PBXBuildFile; fileRef = 1E4E36951EA85386006B7A9A /* ViewController.swift */; };
		1E4E36991EA85386006B7A9A /* Main.storyboard in Resources */ = {isa = PBXBuildFile; fileRef = 1E4E36971EA85386006B7A9A /* Main.storyboard */; };
		1E4E369B1EA85386006B7A9A /* Assets.xcassets in Resources */ = {isa = PBXBuildFile; fileRef = 1E4E369A1EA85386006B7A9A /* Assets.xcassets */; };
		1E4E369E1EA85386006B7A9A /* LaunchScreen.storyboard in Resources */ = {isa = PBXBuildFile; fileRef = 1E4E369C1EA85386006B7A9A /* LaunchScreen.storyboard */; };
		1E4E36A91EA85387006B7A9A /* BarabaraGameTests.swift in Sources */ = {isa = PBXBuildFile; fileRef = 1E4E36A81EA85387006B7A9A /* BarabaraGameTests.swift */; };
		1E4E36B41EA85387006B7A9A /* BarabaraGameUITests.swift in Sources */ = {isa = PBXBuildFile; fileRef = 1E4E36B31EA85387006B7A9A /* BarabaraGameUITests.swift */; };
/* End PBXBuildFile section */

/* Begin PBXContainerItemProxy section */
		1E4E36A51EA85387006B7A9A /* PBXContainerItemProxy */ = {
			isa = PBXContainerItemProxy;
			containerPortal = 1E4E36881EA85386006B7A9A /* Project object */;
			proxyType = 1;
			remoteGlobalIDString = 1E4E368F1EA85386006B7A9A;
			remoteInfo = BarabaraGame;
		};
		1E4E36B01EA85387006B7A9A /* PBXContainerItemProxy */ = {
			isa = PBXContainerItemProxy;
			containerPortal = 1E4E36881EA85386006B7A9A /* Project object */;
			proxyType = 1;
			remoteGlobalIDString = 1E4E368F1EA85386006B7A9A;
			remoteInfo = BarabaraGame;
		};
/* End PBXContainerItemProxy section */

/* Begin PBXFileReference section */
		1E4E36901EA85386006B7A9A /* BarabaraGame.app */ = {isa = PBXFileReference; explicitFileType = wrapper.application; includeInIndex = 0; path = BarabaraGame.app; sourceTree = BUILT_PRODUCTS_DIR; };
		1E4E36931EA85386006B7A9A /* AppDelegate.swift */ = {isa = PBXFileReference; lastKnownFileType = sourcecode.swift; path = AppDelegate.swift; sourceTree = "<group>"; };
		1E4E36951EA85386006B7A9A /* ViewController.swift */ = {isa = PBXFileReference; lastKnownFileType = sourcecode.swift; path = ViewController.swift; sourceTree = "<group>"; };
		1E4E36981EA85386006B7A9A /* Base */ = {isa = PBXFileReference; lastKnownFileType = file.storyboard; name = Base; path = Base.lproj/Main.storyboard; sourceTree = "<group>"; };
		1E4E369A1EA85386006B7A9A /* Assets.xcassets */ = {isa = PBXFileReference; lastKnownFileType = folder.assetcatalog; path = Assets.xcassets; sourceTree = "<group>"; };
		1E4E369D1EA85386006B7A9A /* Base */ = {isa = PBXFileReference; lastKnownFileType = file.storyboard; name = Base; path = Base.lproj/LaunchScreen.storyboard; sourceTree = "<group>"; };
		1E4E369F1EA85386006B7A9A /* Info.plist */ = {isa = PBXFileReference; lastKnownFileType = text.plist.xml; path = Info.plist; sourceTree = "<group>"; };
		1E4E36A41EA85387006B7A9A /* BarabaraGameTests.xctest */ = {isa = PBXFileReference; explicitFileType = wrapper.cfbundle; includeInIndex = 0; path = BarabaraGameTests.xctest; sourceTree = BUILT_PRODUCTS_DIR; };
		1E4E36A81EA85387006B7A9A /* BarabaraGameTests.swift */ = {isa = PBXFileReference; lastKnownFileType = sourcecode.swift; path = BarabaraGameTests.swift; sourceTree = "<group>"; };
		1E4E36AA1EA85387006B7A9A /* Info.plist */ = {isa = PBXFileReference; lastKnownFileType = text.plist.xml; path = Info.plist; sourceTree = "<group>"; };
		1E4E36AF1EA85387006B7A9A /* BarabaraGameUITests.xctest */ = {isa = PBXFileReference; explicitFileType = wrapper.cfbundle; includeInIndex = 0; path = BarabaraGameUITests.xctest; sourceTree = BUILT_PRODUCTS_DIR; };
		1E4E36B31EA85387006B7A9A /* BarabaraGameUITests.swift */ = {isa = PBXFileReference; lastKnownFileType = sourcecode.swift; path = BarabaraGameUITests.swift; sourceTree = "<group>"; };
		1E4E36B51EA85387006B7A9A /* Info.plist */ = {isa = PBXFileReference; lastKnownFileType = text.plist.xml; path = Info.plist; sourceTree = "<group>"; };
/* End PBXFileReference section */

/* Begin PBXFrameworksBuildPhase section */
		1E4E368D1EA85386006B7A9A /* Frameworks */ = {
			isa = PBXFrameworksBuildPhase;
			buildActionMask = 2147483647;
			files = (
			);
			runOnlyForDeploymentPostprocessing = 0;
		};
		1E4E36A11EA85387006B7A9A /* Frameworks */ = {
			isa = PBXFrameworksBuildPhase;
			buildActionMask = 2147483647;
			files = (
			);
			runOnlyForDeploymentPostprocessing = 0;
		};
		1E4E36AC1EA85387006B7A9A /* Frameworks */ = {
			isa = PBXFrameworksBuildPhase;
			buildActionMask = 2147483647;
			files = (
			);
			runOnlyForDeploymentPostprocessing = 0;
		};
/* End PBXFrameworksBuildPhase section */

/* Begin PBXGroup section */
		1E4E36871EA85386006B7A9A = {
			isa = PBXGroup;
			children = (
				1E4E36921EA85386006B7A9A /* BarabaraGame */,
				1E4E36A71EA85387006B7A9A /* BarabaraGameTests */,
				1E4E36B21EA85387006B7A9A /* BarabaraGameUITests */,
				1E4E36911EA85386006B7A9A /* Products */,
			);
			sourceTree = "<group>";
		};
		1E4E36911EA85386006B7A9A /* Products */ = {
			isa = PBXGroup;
			children = (
				1E4E36901EA85386006B7A9A /* BarabaraGame.app */,
				1E4E36A41EA85387006B7A9A /* BarabaraGameTests.xctest */,
				1E4E36AF1EA85387006B7A9A /* BarabaraGameUITests.xctest */,
			);
			name = Products;
			sourceTree = "<group>";
		};
		1E4E36921EA85386006B7A9A /* BarabaraGame */ = {
			isa = PBXGroup;
			children = (
				1E4E36931EA85386006B7A9A /* AppDelegate.swift */,
				1E4E36951EA85386006B7A9A /* ViewController.swift */,
				1E4E36971EA85386006B7A9A /* Main.storyboard */,
				1E4E369A1EA85386006B7A9A /* Assets.xcassets */,
				1E4E369C1EA85386006B7A9A /* LaunchScreen.storyboard */,
				1E4E369F1EA85386006B7A9A /* Info.plist */,
			);
			path = BarabaraGame;
			sourceTree = "<group>";
		};
		1E4E36A71EA85387006B7A9A /* BarabaraGameTests */ = {
			isa = PBXGroup;
			children = (
				1E4E36A81EA85387006B7A9A /* BarabaraGameTests.swift */,
				1E4E36AA1EA85387006B7A9A /* Info.plist */,
			);
			path = BarabaraGameTests;
			sourceTree = "<group>";
		};
		1E4E36B21EA85387006B7A9A /* BarabaraGameUITests */ = {
			isa = PBXGroup;
			children = (
				1E4E36B31EA85387006B7A9A /* BarabaraGameUITests.swift */,
				1E4E36B51EA85387006B7A9A /* Info.plist */,
			);
			path = BarabaraGameUITests;
			sourceTree = "<group>";
		};
/* End PBXGroup section */

/* Begin PBXNativeTarget section */
		1E4E368F1EA85386006B7A9A /* BarabaraGame */ = {
			isa = PBXNativeTarget;
			buildConfigurationList = 1E4E36B81EA85387006B7A9A /* Build configuration list for PBXNativeTarget "BarabaraGame" */;
			buildPhases = (
				1E4E368C1EA85386006B7A9A /* Sources */,
				1E4E368D1EA85386006B7A9A /* Frameworks */,
				1E4E368E1EA85386006B7A9A /* Resources */,
			);
			buildRules = (
			);
			dependencies = (
			);
			name = BarabaraGame;
			productName = BarabaraGame;
			productReference = 1E4E36901EA85386006B7A9A /* BarabaraGame.app */;
			productType = "com.apple.product-type.application";
		};
		1E4E36A31EA85387006B7A9A /* BarabaraGameTests */ = {
			isa = PBXNativeTarget;
			buildConfigurationList = 1E4E36BB1EA85387006B7A9A /* Build configuration list for PBXNativeTarget "BarabaraGameTests" */;
			buildPhases = (
				1E4E36A01EA85387006B7A9A /* Sources */,
				1E4E36A11EA85387006B7A9A /* Frameworks */,
				1E4E36A21EA85387006B7A9A /* Resources */,
			);
			buildRules = (
			);
			dependencies = (
				1E4E36A61EA85387006B7A9A /* PBXTargetDependency */,
			);
			name = BarabaraGameTests;
			productName = BarabaraGameTests;
			productReference = 1E4E36A41EA85387006B7A9A /* BarabaraGameTests.xctest */;
			productType = "com.apple.product-type.bundle.unit-test";
		};
		1E4E36AE1EA85387006B7A9A /* BarabaraGameUITests */ = {
			isa = PBXNativeTarget;
			buildConfigurationList = 1E4E36BE1EA85387006B7A9A /* Build configuration list for PBXNativeTarget "BarabaraGameUITests" */;
			buildPhases = (
				1E4E36AB1EA85387006B7A9A /* Sources */,
				1E4E36AC1EA85387006B7A9A /* Frameworks */,
				1E4E36AD1EA85387006B7A9A /* Resources */,
			);
			buildRules = (
			);
			dependencies = (
				1E4E36B11EA85387006B7A9A /* PBXTargetDependency */,
			);
			name = BarabaraGameUITests;
			productName = BarabaraGameUITests;
			productReference = 1E4E36AF1EA85387006B7A9A /* BarabaraGameUITests.xctest */;
			productType = "com.apple.product-type.bundle.ui-testing";
		};
/* End PBXNativeTarget section */

/* Begin PBXProject section */
		1E4E36881EA85386006B7A9A /* Project object */ = {
			isa = PBXProject;
			attributes = {
				LastSwiftUpdateCheck = 0820;
				LastUpgradeCheck = 0820;
				ORGANIZATIONNAME = litech;
				TargetAttributes = {
					1E4E368F1EA85386006B7A9A = {
						CreatedOnToolsVersion = 8.2.1;
						ProvisioningStyle = Automatic;
					};
					1E4E36A31EA85387006B7A9A = {
						CreatedOnToolsVersion = 8.2.1;
						ProvisioningStyle = Automatic;
						TestTargetID = 1E4E368F1EA85386006B7A9A;
					};
					1E4E36AE1EA85387006B7A9A = {
						CreatedOnToolsVersion = 8.2.1;
						ProvisioningStyle = Automatic;
						TestTargetID = 1E4E368F1EA85386006B7A9A;
					};
				};
			};
			buildConfigurationList = 1E4E368B1EA85386006B7A9A /* Build configuration list for PBXProject "BarabaraGame" */;
			compatibilityVersion = "Xcode 3.2";
			developmentRegion = English;
			hasScannedForEncodings = 0;
			knownRegions = (
				en,
				Base,
			);
			mainGroup = 1E4E36871EA85386006B7A9A;
			productRefGroup = 1E4E36911EA85386006B7A9A /* Products */;
			projectDirPath = "";
			projectRoot = "";
			targets = (
				1E4E368F1EA85386006B7A9A /* BarabaraGame */,
				1E4E36A31EA85387006B7A9A /* BarabaraGameTests */,
				1E4E36AE1EA85387006B7A9A /* BarabaraGameUITests */,
			);
		};
/* End PBXProject section */

/* Begin PBXResourcesBuildPhase section */
		1E4E368E1EA85386006B7A9A /* Resources */ = {
			isa = PBXResourcesBuildPhase;
			buildActionMask = 2147483647;
			files = (
				1E4E369E1EA85386006B7A9A /* LaunchScreen.storyboard in Resources */,
				1E4E369B1EA85386006B7A9A /* Assets.xcassets in Resources */,
				1E4E36991EA85386006B7A9A /* Main.storyboard in Resources */,
			);
			runOnlyForDeploymentPostprocessing = 0;
		};
		1E4E36A21EA85387006B7A9A /* Resources */ = {
			isa = PBXResourcesBuildPhase;
			buildActionMask = 2147483647;
			files = (
			);
			runOnlyForDeploymentPostprocessing = 0;
		};
		1E4E36AD1EA85387006B7A9A /* Resources */ = {
			isa = PBXResourcesBuildPhase;
			buildActionMask = 2147483647;
			files = (
			);
			runOnlyForDeploymentPostprocessing = 0;
		};
/* End PBXResourcesBuildPhase section */

/* Begin PBXSourcesBuildPhase section */
		1E4E368C1EA85386006B7A9A /* Sources */ = {
			isa = PBXSourcesBuildPhase;
			buildActionMask = 2147483647;
			files = (
				1E4E36961EA85386006B7A9A /* ViewController.swift in Sources */,
				1E4E36941EA85386006B7A9A /* AppDelegate.swift in Sources */,
			);
			runOnlyForDeploymentPostprocessing = 0;
		};
		1E4E36A01EA85387006B7A9A /* Sources */ = {
			isa = PBXSourcesBuildPhase;
			buildActionMask = 2147483647;
			files = (
				1E4E36A91EA85387006B7A9A /* BarabaraGameTests.swift in Sources */,
			);
			runOnlyForDeploymentPostprocessing = 0;
		};
		1E4E36AB1EA85387006B7A9A /* Sources */ = {
			isa = PBXSourcesBuildPhase;
			buildActionMask = 2147483647;
			files = (
				1E4E36B41EA85387006B7A9A /* BarabaraGameUITests.swift in Sources */,
			);
			runOnlyForDeploymentPostprocessing = 0;
		};
/* End PBXSourcesBuildPhase section */

/* Begin PBXTargetDependency section */
		1E4E36A61EA85387006B7A9A /* PBXTargetDependency */ = {
			isa = PBXTargetDependency;
			target = 1E4E368F1EA85386006B7A9A /* BarabaraGame */;
			targetProxy = 1E4E36A51EA85387006B7A9A /* PBXContainerItemProxy */;
		};
		1E4E36B11EA85387006B7A9A /* PBXTargetDependency */ = {
			isa = PBXTargetDependency;
			target = 1E4E368F1EA85386006B7A9A /* BarabaraGame */;
			targetProxy = 1E4E36B01EA85387006B7A9A /* PBXContainerItemProxy */;
		};
/* End PBXTargetDependency section */

/* Begin PBXVariantGroup section */
		1E4E36971EA85386006B7A9A /* Main.storyboard */ = {
			isa = PBXVariantGroup;
			children = (
				1E4E36981EA85386006B7A9A /* Base */,
			);
			name = Main.storyboard;
			sourceTree = "<group>";
		};
		1E4E369C1EA85386006B7A9A /* LaunchScreen.storyboard */ = {
			isa = PBXVariantGroup;
			children = (
				1E4E369D1EA85386006B7A9A /* Base */,
			);
			name = LaunchScreen.storyboard;
			sourceTree = "<group>";
		};
/* End PBXVariantGroup section */

/* Begin XCBuildConfiguration section */
		1E4E36B61EA85387006B7A9A /* Debug */ = {
			isa = XCBuildConfiguration;
			buildSettings = {
				ALWAYS_SEARCH_USER_PATHS = NO;
				CLANG_ANALYZER_NONNULL = YES;
				CLANG_CXX_LANGUAGE_STANDARD = "gnu++0x";
				CLANG_CXX_LIBRARY = "libc++";
				CLANG_ENABLE_MODULES = YES;
				CLANG_ENABLE_OBJC_ARC = YES;
				CLANG_WARN_BOOL_CONVERSION = YES;
				CLANG_WARN_CONSTANT_CONVERSION = YES;
				CLANG_WARN_DIRECT_OBJC_ISA_USAGE = YES_ERROR;
				CLANG_WARN_DOCUMENTATION_COMMENTS = YES;
				CLANG_WARN_EMPTY_BODY = YES;
				CLANG_WARN_ENUM_CONVERSION = YES;
				CLANG_WARN_INFINITE_RECURSION = YES;
				CLANG_WARN_INT_CONVERSION = YES;
				CLANG_WARN_OBJC_ROOT_CLASS = YES_ERROR;
				CLANG_WARN_SUSPICIOUS_MOVE = YES;
				CLANG_WARN_UNREACHABLE_CODE = YES;
				CLANG_WARN__DUPLICATE_METHOD_MATCH = YES;
				"CODE_SIGN_IDENTITY[sdk=iphoneos*]" = "iPhone Developer";
				COPY_PHASE_STRIP = NO;
				DEBUG_INFORMATION_FORMAT = dwarf;
				ENABLE_STRICT_OBJC_MSGSEND = YES;
				ENABLE_TESTABILITY = YES;
				GCC_C_LANGUAGE_STANDARD = gnu99;
				GCC_DYNAMIC_NO_PIC = NO;
				GCC_NO_COMMON_BLOCKS = YES;
				GCC_OPTIMIZATION_LEVEL = 0;
				GCC_PREPROCESSOR_DEFINITIONS = (
					"DEBUG=1",
					"$(inherited)",
				);
				GCC_WARN_64_TO_32_BIT_CONVERSION = YES;
				GCC_WARN_ABOUT_RETURN_TYPE = YES_ERROR;
				GCC_WARN_UNDECLARED_SELECTOR = YES;
				GCC_WARN_UNINITIALIZED_AUTOS = YES_AGGRESSIVE;
				GCC_WARN_UNUSED_FUNCTION = YES;
				GCC_WARN_UNUSED_VARIABLE = YES;
				IPHONEOS_DEPLOYMENT_TARGET = 10.2;
				MTL_ENABLE_DEBUG_INFO = YES;
				ONLY_ACTIVE_ARCH = YES;
				SDKROOT = iphoneos;
				SWIFT_ACTIVE_COMPILATION_CONDITIONS = DEBUG;
				SWIFT_OPTIMIZATION_LEVEL = "-Onone";
			};
			name = Debug;
		};
		1E4E36B71EA85387006B7A9A /* Release */ = {
			isa = XCBuildConfiguration;
			buildSettings = {
				ALWAYS_SEARCH_USER_PATHS = NO;
				CLANG_ANALYZER_NONNULL = YES;
				CLANG_CXX_LANGUAGE_STANDARD = "gnu++0x";
				CLANG_CXX_LIBRARY = "libc++";
				CLANG_ENABLE_MODULES = YES;
				CLANG_ENABLE_OBJC_ARC = YES;
				CLANG_WARN_BOOL_CONVERSION = YES;
				CLANG_WARN_CONSTANT_CONVERSION = YES;
				CLANG_WARN_DIRECT_OBJC_ISA_USAGE = YES_ERROR;
				CLANG_WARN_DOCUMENTATION_COMMENTS = YES;
				CLANG_WARN_EMPTY_BODY = YES;
				CLANG_WARN_ENUM_CONVERSION = YES;
				CLANG_WARN_INFINITE_RECURSION = YES;
				CLANG_WARN_INT_CONVERSION = YES;
				CLANG_WARN_OBJC_ROOT_CLASS = YES_ERROR;
				CLANG_WARN_SUSPICIOUS_MOVE = YES;
				CLANG_WARN_UNREACHABLE_CODE = YES;
				CLANG_WARN__DUPLICATE_METHOD_MATCH = YES;
				"CODE_SIGN_IDENTITY[sdk=iphoneos*]" = "iPhone Developer";
				COPY_PHASE_STRIP = NO;
				DEBUG_INFORMATION_FORMAT = "dwarf-with-dsym";
				ENABLE_NS_ASSERTIONS = NO;
				ENABLE_STRICT_OBJC_MSGSEND = YES;
				GCC_C_LANGUAGE_STANDARD = gnu99;
				GCC_NO_COMMON_BLOCKS = YES;
				GCC_WARN_64_TO_32_BIT_CONVERSION = YES;
				GCC_WARN_ABOUT_RETURN_TYPE = YES_ERROR;
				GCC_WARN_UNDECLARED_SELECTOR = YES;
				GCC_WARN_UNINITIALIZED_AUTOS = YES_AGGRESSIVE;
				GCC_WARN_UNUSED_FUNCTION = YES;
				GCC_WARN_UNUSED_VARIABLE = YES;
				IPHONEOS_DEPLOYMENT_TARGET = 10.2;
				MTL_ENABLE_DEBUG_INFO = NO;
				SDKROOT = iphoneos;
				SWIFT_OPTIMIZATION_LEVEL = "-Owholemodule";
				VALIDATE_PRODUCT = YES;
			};
			name = Release;
		};
		1E4E36B91EA85387006B7A9A /* Debug */ = {
			isa = XCBuildConfiguration;
			buildSettings = {
				ASSETCATALOG_COMPILER_APPICON_NAME = AppIcon;
				INFOPLIST_FILE = BarabaraGame/Info.plist;
				LD_RUNPATH_SEARCH_PATHS = "$(inherited) @executable_path/Frameworks";
				PRODUCT_BUNDLE_IDENTIFIER = Com.litech.BarabaraGame;
				PRODUCT_NAME = "$(TARGET_NAME)";
				SWIFT_VERSION = 3.0;
			};
			name = Debug;
		};
		1E4E36BA1EA85387006B7A9A /* Release */ = {
			isa = XCBuildConfiguration;
			buildSettings = {
				ASSETCATALOG_COMPILER_APPICON_NAME = AppIcon;
				INFOPLIST_FILE = BarabaraGame/Info.plist;
				LD_RUNPATH_SEARCH_PATHS = "$(inherited) @executable_path/Frameworks";
				PRODUCT_BUNDLE_IDENTIFIER = Com.litech.BarabaraGame;
				PRODUCT_NAME = "$(TARGET_NAME)";
				SWIFT_VERSION = 3.0;
			};
			name = Release;
		};
		1E4E36BC1EA85387006B7A9A /* Debug */ = {
			isa = XCBuildConfiguration;
			buildSettings = {
				ALWAYS_EMBED_SWIFT_STANDARD_LIBRARIES = YES;
				BUNDLE_LOADER = "$(TEST_HOST)";
				INFOPLIST_FILE = BarabaraGameTests/Info.plist;
				LD_RUNPATH_SEARCH_PATHS = "$(inherited) @executable_path/Frameworks @loader_path/Frameworks";
				PRODUCT_BUNDLE_IDENTIFIER = Com.litech.BarabaraGameTests;
				PRODUCT_NAME = "$(TARGET_NAME)";
				SWIFT_VERSION = 3.0;
				TEST_HOST = "$(BUILT_PRODUCTS_DIR)/BarabaraGame.app/BarabaraGame";
			};
			name = Debug;
		};
		1E4E36BD1EA85387006B7A9A /* Release */ = {
			isa = XCBuildConfiguration;
			buildSettings = {
				ALWAYS_EMBED_SWIFT_STANDARD_LIBRARIES = YES;
				BUNDLE_LOADER = "$(TEST_HOST)";
				INFOPLIST_FILE = BarabaraGameTests/Info.plist;
				LD_RUNPATH_SEARCH_PATHS = "$(inherited) @executable_path/Frameworks @loader_path/Frameworks";
				PRODUCT_BUNDLE_IDENTIFIER = Com.litech.BarabaraGameTests;
				PRODUCT_NAME = "$(TARGET_NAME)";
				SWIFT_VERSION = 3.0;
				TEST_HOST = "$(BUILT_PRODUCTS_DIR)/BarabaraGame.app/BarabaraGame";
			};
			name = Release;
		};
		1E4E36BF1EA85387006B7A9A /* Debug */ = {
			isa = XCBuildConfiguration;
			buildSettings = {
				ALWAYS_EMBED_SWIFT_STANDARD_LIBRARIES = YES;
				INFOPLIST_FILE = BarabaraGameUITests/Info.plist;
				LD_RUNPATH_SEARCH_PATHS = "$(inherited) @executable_path/Frameworks @loader_path/Frameworks";
				PRODUCT_BUNDLE_IDENTIFIER = Com.litech.BarabaraGameUITests;
				PRODUCT_NAME = "$(TARGET_NAME)";
				SWIFT_VERSION = 3.0;
				TEST_TARGET_NAME = BarabaraGame;
			};
			name = Debug;
		};
		1E4E36C01EA85387006B7A9A /* Release */ = {
			isa = XCBuildConfiguration;
			buildSettings = {
				ALWAYS_EMBED_SWIFT_STANDARD_LIBRARIES = YES;
				INFOPLIST_FILE = BarabaraGameUITests/Info.plist;
				LD_RUNPATH_SEARCH_PATHS = "$(inherited) @executable_path/Frameworks @loader_path/Frameworks";
				PRODUCT_BUNDLE_IDENTIFIER = Com.litech.BarabaraGameUITests;
				PRODUCT_NAME = "$(TARGET_NAME)";
				SWIFT_VERSION = 3.0;
				TEST_TARGET_NAME = BarabaraGame;
			};
			name = Release;
		};
/* End XCBuildConfiguration section */

/* Begin XCConfigurationList section */
		1E4E368B1EA85386006B7A9A /* Build configuration list for PBXProject "BarabaraGame" */ = {
			isa = XCConfigurationList;
			buildConfigurations = (
				1E4E36B61EA85387006B7A9A /* Debug */,
				1E4E36B71EA85387006B7A9A /* Release */,
			);
			defaultConfigurationIsVisible = 0;
			defaultConfigurationName = Release;
		};
		1E4E36B81EA85387006B7A9A /* Build configuration list for PBXNativeTarget "BarabaraGame" */ = {
			isa = XCConfigurationList;
			buildConfigurations = (
				1E4E36B91EA85387006B7A9A /* Debug */,
				1E4E36BA1EA85387006B7A9A /* Release */,
			);
			defaultConfigurationIsVisible = 0;
		};
		1E4E36BB1EA85387006B7A9A /* Build configuration list for PBXNativeTarget "BarabaraGameTests" */ = {
			isa = XCConfigurationList;
			buildConfigurations = (
				1E4E36BC1EA85387006B7A9A /* Debug */,
				1E4E36BD1EA85387006B7A9A /* Release */,
			);
			defaultConfigurationIsVisible = 0;
		};
		1E4E36BE1EA85387006B7A9A /* Build configuration list for PBXNativeTarget "BarabaraGameUITests" */ = {
			isa = XCConfigurationList;
			buildConfigurations = (
				1E4E36BF1EA85387006B7A9A /* Debug */,
				1E4E36C01EA85387006B7A9A /* Release */,
			);
			defaultConfigurationIsVisible = 0;
		};
/* End XCConfigurationList section */
	};
	rootObject = 1E4E36881EA85386006B7A9A /* Project object */;
}
